// !$*UTF8*$!
{
	archiveVersion = 1;
	classes = {
	};
	objectVersion = 55;
	objects = {

/* Begin PBXBuildFile section */
		0F4082B228807637002DE4B2 /* ProfileViewController.swift in Sources */ = {isa = PBXBuildFile; fileRef = 0F4082B128807637002DE4B2 /* ProfileViewController.swift */; };
		0F4082B428807C88002DE4B2 /* ProfileTableViewHeader.swift in Sources */ = {isa = PBXBuildFile; fileRef = 0F4082B328807C88002DE4B2 /* ProfileTableViewHeader.swift */; };
		0F5E7CAC287F06570007C1D6 /* AppDelegate.swift in Sources */ = {isa = PBXBuildFile; fileRef = 0F5E7CAB287F06570007C1D6 /* AppDelegate.swift */; };
		0F5E7CAE287F06570007C1D6 /* SceneDelegate.swift in Sources */ = {isa = PBXBuildFile; fileRef = 0F5E7CAD287F06570007C1D6 /* SceneDelegate.swift */; };
		0F5E7CB0287F06570007C1D6 /* MainTabBarViewController.swift in Sources */ = {isa = PBXBuildFile; fileRef = 0F5E7CAF287F06570007C1D6 /* MainTabBarViewController.swift */; };
		0F5E7CB5287F06580007C1D6 /* Assets.xcassets in Resources */ = {isa = PBXBuildFile; fileRef = 0F5E7CB4287F06580007C1D6 /* Assets.xcassets */; };
		0F5E7CB8287F06580007C1D6 /* LaunchScreen.storyboard in Resources */ = {isa = PBXBuildFile; fileRef = 0F5E7CB6287F06580007C1D6 /* LaunchScreen.storyboard */; };
		0F5E7CC2287F07F90007C1D6 /* HomeViewController.swift in Sources */ = {isa = PBXBuildFile; fileRef = 0F5E7CC1287F07F90007C1D6 /* HomeViewController.swift */; };
		0F5E7CC4287F080C0007C1D6 /* SearchViewController.swift in Sources */ = {isa = PBXBuildFile; fileRef = 0F5E7CC3287F080C0007C1D6 /* SearchViewController.swift */; };
		0F5E7CC6287F081B0007C1D6 /* NavigationViewController.swift in Sources */ = {isa = PBXBuildFile; fileRef = 0F5E7CC5287F081B0007C1D6 /* NavigationViewController.swift */; };
		0F5E7CC8287F082B0007C1D6 /* DirectMessagesViewController.swift in Sources */ = {isa = PBXBuildFile; fileRef = 0F5E7CC7287F082B0007C1D6 /* DirectMessagesViewController.swift */; };
		0F5E7CCB287F0DB30007C1D6 /* TweetTableViewCell.swift in Sources */ = {isa = PBXBuildFile; fileRef = 0F5E7CCA287F0DB30007C1D6 /* TweetTableViewCell.swift */; };
		0FC4B01228FDC148002B4E51 /* LoginViewController.swift in Sources */ = {isa = PBXBuildFile; fileRef = 0FC4B01128FDC148002B4E51 /* LoginViewController.swift */; };
		0FC4B01528FDCA1C002B4E51 /* TwitterUser.swift in Sources */ = {isa = PBXBuildFile; fileRef = 0FC4B01428FDCA1C002B4E51 /* TwitterUser.swift */; };
		0FC4B01728FDCAC3002B4E51 /* DatabaseManager.swift in Sources */ = {isa = PBXBuildFile; fileRef = 0FC4B01628FDCAC3002B4E51 /* DatabaseManager.swift */; };
		0FC4B01928FDCFFA002B4E51 /* HomeViewViewModel.swift in Sources */ = {isa = PBXBuildFile; fileRef = 0FC4B01828FDCFFA002B4E51 /* HomeViewViewModel.swift */; };
		0FC4B01B28FDD3C1002B4E51 /* ProfileDataFormViewController.swift in Sources */ = {isa = PBXBuildFile; fileRef = 0FC4B01A28FDD3C1002B4E51 /* ProfileDataFormViewController.swift */; };
		0FC4B01D28FDD4A7002B4E51 /* ProfileDataFormViewViewModel.swift in Sources */ = {isa = PBXBuildFile; fileRef = 0FC4B01C28FDD4A7002B4E51 /* ProfileDataFormViewViewModel.swift */; };
		0FFB048728F44F4D004C8713 /* GoogleService-Info.plist in Resources */ = {isa = PBXBuildFile; fileRef = 0FFB048628F44F4D004C8713 /* GoogleService-Info.plist */; };
		0FFB048A28F45000004C8713 /* FirebaseAuth in Frameworks */ = {isa = PBXBuildFile; productRef = 0FFB048928F45000004C8713 /* FirebaseAuth */; };
		0FFB048C28F45000004C8713 /* FirebaseAuthCombine-Community in Frameworks */ = {isa = PBXBuildFile; productRef = 0FFB048B28F45000004C8713 /* FirebaseAuthCombine-Community */; };
		0FFB048E28F45000004C8713 /* FirebaseDatabase in Frameworks */ = {isa = PBXBuildFile; productRef = 0FFB048D28F45000004C8713 /* FirebaseDatabase */; };
		0FFB049028F45000004C8713 /* FirebaseDatabaseSwift in Frameworks */ = {isa = PBXBuildFile; productRef = 0FFB048F28F45000004C8713 /* FirebaseDatabaseSwift */; };
		0FFB049228F45000004C8713 /* FirebaseFirestore in Frameworks */ = {isa = PBXBuildFile; productRef = 0FFB049128F45000004C8713 /* FirebaseFirestore */; };
		0FFB049428F45000004C8713 /* FirebaseFirestoreCombine-Community in Frameworks */ = {isa = PBXBuildFile; productRef = 0FFB049328F45000004C8713 /* FirebaseFirestoreCombine-Community */; };
		0FFB049628F45000004C8713 /* FirebaseFirestoreSwift in Frameworks */ = {isa = PBXBuildFile; productRef = 0FFB049528F45000004C8713 /* FirebaseFirestoreSwift */; };
		0FFB049828F45000004C8713 /* FirebaseStorage in Frameworks */ = {isa = PBXBuildFile; productRef = 0FFB049728F45000004C8713 /* FirebaseStorage */; };
		0FFB049A28F45000004C8713 /* FirebaseStorageCombine-Community in Frameworks */ = {isa = PBXBuildFile; productRef = 0FFB049928F45000004C8713 /* FirebaseStorageCombine-Community */; };
		0FFB049D28F4515A004C8713 /* OnboardingViewController.swift in Sources */ = {isa = PBXBuildFile; fileRef = 0FFB049C28F4515A004C8713 /* OnboardingViewController.swift */; };
		0FFB049F28F458CB004C8713 /* RegisterViewController.swift in Sources */ = {isa = PBXBuildFile; fileRef = 0FFB049E28F458CB004C8713 /* RegisterViewController.swift */; };
		0FFB04A428F464B4004C8713 /* AuthenticationViewViewModel.swift in Sources */ = {isa = PBXBuildFile; fileRef = 0FFB04A328F464B4004C8713 /* AuthenticationViewViewModel.swift */; };
		0FFB04A828F46C81004C8713 /* AuthManager.swift in Sources */ = {isa = PBXBuildFile; fileRef = 0FFB04A728F46C81004C8713 /* AuthManager.swift */; };
/* End PBXBuildFile section */

/* Begin PBXFileReference section */
		0F4082B128807637002DE4B2 /* ProfileViewController.swift */ = {isa = PBXFileReference; lastKnownFileType = sourcecode.swift; path = ProfileViewController.swift; sourceTree = "<group>"; };
		0F4082B328807C88002DE4B2 /* ProfileTableViewHeader.swift */ = {isa = PBXFileReference; lastKnownFileType = sourcecode.swift; path = ProfileTableViewHeader.swift; sourceTree = "<group>"; };
		0F5E7CA8287F06570007C1D6 /* TwitterClone.app */ = {isa = PBXFileReference; explicitFileType = wrapper.application; includeInIndex = 0; path = TwitterClone.app; sourceTree = BUILT_PRODUCTS_DIR; };
		0F5E7CAB287F06570007C1D6 /* AppDelegate.swift */ = {isa = PBXFileReference; lastKnownFileType = sourcecode.swift; path = AppDelegate.swift; sourceTree = "<group>"; };
		0F5E7CAD287F06570007C1D6 /* SceneDelegate.swift */ = {isa = PBXFileReference; lastKnownFileType = sourcecode.swift; path = SceneDelegate.swift; sourceTree = "<group>"; };
		0F5E7CAF287F06570007C1D6 /* MainTabBarViewController.swift */ = {isa = PBXFileReference; lastKnownFileType = sourcecode.swift; path = MainTabBarViewController.swift; sourceTree = "<group>"; };
		0F5E7CB4287F06580007C1D6 /* Assets.xcassets */ = {isa = PBXFileReference; lastKnownFileType = folder.assetcatalog; path = Assets.xcassets; sourceTree = "<group>"; };
		0F5E7CB7287F06580007C1D6 /* Base */ = {isa = PBXFileReference; lastKnownFileType = file.storyboard; name = Base; path = Base.lproj/LaunchScreen.storyboard; sourceTree = "<group>"; };
		0F5E7CB9287F06580007C1D6 /* Info.plist */ = {isa = PBXFileReference; lastKnownFileType = text.plist.xml; path = Info.plist; sourceTree = "<group>"; };
		0F5E7CC1287F07F90007C1D6 /* HomeViewController.swift */ = {isa = PBXFileReference; lastKnownFileType = sourcecode.swift; path = HomeViewController.swift; sourceTree = "<group>"; };
		0F5E7CC3287F080C0007C1D6 /* SearchViewController.swift */ = {isa = PBXFileReference; lastKnownFileType = sourcecode.swift; path = SearchViewController.swift; sourceTree = "<group>"; };
		0F5E7CC5287F081B0007C1D6 /* NavigationViewController.swift */ = {isa = PBXFileReference; lastKnownFileType = sourcecode.swift; path = NavigationViewController.swift; sourceTree = "<group>"; };
		0F5E7CC7287F082B0007C1D6 /* DirectMessagesViewController.swift */ = {isa = PBXFileReference; lastKnownFileType = sourcecode.swift; path = DirectMessagesViewController.swift; sourceTree = "<group>"; };
		0F5E7CCA287F0DB30007C1D6 /* TweetTableViewCell.swift */ = {isa = PBXFileReference; lastKnownFileType = sourcecode.swift; path = TweetTableViewCell.swift; sourceTree = "<group>"; };
		0FC4B01128FDC148002B4E51 /* LoginViewController.swift */ = {isa = PBXFileReference; lastKnownFileType = sourcecode.swift; path = LoginViewController.swift; sourceTree = "<group>"; };
		0FC4B01428FDCA1C002B4E51 /* TwitterUser.swift */ = {isa = PBXFileReference; lastKnownFileType = sourcecode.swift; path = TwitterUser.swift; sourceTree = "<group>"; };
		0FC4B01628FDCAC3002B4E51 /* DatabaseManager.swift */ = {isa = PBXFileReference; lastKnownFileType = sourcecode.swift; path = DatabaseManager.swift; sourceTree = "<group>"; };
		0FC4B01828FDCFFA002B4E51 /* HomeViewViewModel.swift */ = {isa = PBXFileReference; lastKnownFileType = sourcecode.swift; path = HomeViewViewModel.swift; sourceTree = "<group>"; };
		0FC4B01A28FDD3C1002B4E51 /* ProfileDataFormViewController.swift */ = {isa = PBXFileReference; lastKnownFileType = sourcecode.swift; path = ProfileDataFormViewController.swift; sourceTree = "<group>"; };
		0FC4B01C28FDD4A7002B4E51 /* ProfileDataFormViewViewModel.swift */ = {isa = PBXFileReference; lastKnownFileType = sourcecode.swift; path = ProfileDataFormViewViewModel.swift; sourceTree = "<group>"; };
		0FFB048628F44F4D004C8713 /* GoogleService-Info.plist */ = {isa = PBXFileReference; fileEncoding = 4; lastKnownFileType = text.plist.xml; path = "GoogleService-Info.plist"; sourceTree = "<group>"; };
		0FFB049C28F4515A004C8713 /* OnboardingViewController.swift */ = {isa = PBXFileReference; lastKnownFileType = sourcecode.swift; path = OnboardingViewController.swift; sourceTree = "<group>"; };
		0FFB049E28F458CB004C8713 /* RegisterViewController.swift */ = {isa = PBXFileReference; lastKnownFileType = sourcecode.swift; path = RegisterViewController.swift; sourceTree = "<group>"; };
		0FFB04A328F464B4004C8713 /* AuthenticationViewViewModel.swift */ = {isa = PBXFileReference; lastKnownFileType = sourcecode.swift; path = AuthenticationViewViewModel.swift; sourceTree = "<group>"; };
		0FFB04A728F46C81004C8713 /* AuthManager.swift */ = {isa = PBXFileReference; lastKnownFileType = sourcecode.swift; path = AuthManager.swift; sourceTree = "<group>"; };
/* End PBXFileReference section */

/* Begin PBXFrameworksBuildPhase section */
		0F5E7CA5287F06570007C1D6 /* Frameworks */ = {
			isa = PBXFrameworksBuildPhase;
			buildActionMask = 2147483647;
			files = (
				0FFB049028F45000004C8713 /* FirebaseDatabaseSwift in Frameworks */,
				0FFB048E28F45000004C8713 /* FirebaseDatabase in Frameworks */,
				0FFB048A28F45000004C8713 /* FirebaseAuth in Frameworks */,
				0FFB049628F45000004C8713 /* FirebaseFirestoreSwift in Frameworks */,
				0FFB049428F45000004C8713 /* FirebaseFirestoreCombine-Community in Frameworks */,
				0FFB049828F45000004C8713 /* FirebaseStorage in Frameworks */,
				0FFB049228F45000004C8713 /* FirebaseFirestore in Frameworks */,
				0FFB049A28F45000004C8713 /* FirebaseStorageCombine-Community in Frameworks */,
				0FFB048C28F45000004C8713 /* FirebaseAuthCombine-Community in Frameworks */,
			);
			runOnlyForDeploymentPostprocessing = 0;
		};
/* End PBXFrameworksBuildPhase section */

/* Begin PBXGroup section */
		0F4082B02880761B002DE4B2 /* General */ = {
			isa = PBXGroup;
			children = (
				0F4082B128807637002DE4B2 /* ProfileViewController.swift */,
				0FC4B01A28FDD3C1002B4E51 /* ProfileDataFormViewController.swift */,
			);
			path = General;
			sourceTree = "<group>";
		};
		0F5E7C9F287F06570007C1D6 = {
			isa = PBXGroup;
			children = (
				0F5E7CAA287F06570007C1D6 /* TwitterClone */,
				0F5E7CA9287F06570007C1D6 /* Products */,
			);
			sourceTree = "<group>";
		};
		0F5E7CA9287F06570007C1D6 /* Products */ = {
			isa = PBXGroup;
			children = (
				0F5E7CA8287F06570007C1D6 /* TwitterClone.app */,
			);
			name = Products;
			sourceTree = "<group>";
		};
		0F5E7CAA287F06570007C1D6 /* TwitterClone */ = {
			isa = PBXGroup;
			children = (
				0FC4B01328FDC9EB002B4E51 /* Models */,
				0FFB04A528F46C6C004C8713 /* Networking */,
				0FFB04A228F464A2004C8713 /* ViewModels */,
				0F5E7CC9287F0D8F0007C1D6 /* Views */,
				0F5E7CBF287F07C60007C1D6 /* Controllers  */,
				0F5E7CAB287F06570007C1D6 /* AppDelegate.swift */,
				0F5E7CAD287F06570007C1D6 /* SceneDelegate.swift */,
				0F5E7CB4287F06580007C1D6 /* Assets.xcassets */,
				0F5E7CB6287F06580007C1D6 /* LaunchScreen.storyboard */,
				0F5E7CB9287F06580007C1D6 /* Info.plist */,
				0FFB048628F44F4D004C8713 /* GoogleService-Info.plist */,
			);
			path = TwitterClone;
			sourceTree = "<group>";
		};
		0F5E7CBF287F07C60007C1D6 /* Controllers  */ = {
			isa = PBXGroup;
			children = (
				0FFB049B28F4513A004C8713 /* OnBoarding */,
				0F4082B02880761B002DE4B2 /* General */,
				0F5E7CC0287F07E30007C1D6 /* Core */,
			);
			path = "Controllers ";
			sourceTree = "<group>";
		};
		0F5E7CC0287F07E30007C1D6 /* Core */ = {
			isa = PBXGroup;
			children = (
				0F5E7CAF287F06570007C1D6 /* MainTabBarViewController.swift */,
				0F5E7CC1287F07F90007C1D6 /* HomeViewController.swift */,
				0F5E7CC3287F080C0007C1D6 /* SearchViewController.swift */,
				0F5E7CC5287F081B0007C1D6 /* NavigationViewController.swift */,
				0F5E7CC7287F082B0007C1D6 /* DirectMessagesViewController.swift */,
			);
			path = Core;
			sourceTree = "<group>";
		};
		0F5E7CC9287F0D8F0007C1D6 /* Views */ = {
			isa = PBXGroup;
			children = (
				0F5E7CCA287F0DB30007C1D6 /* TweetTableViewCell.swift */,
				0F4082B328807C88002DE4B2 /* ProfileTableViewHeader.swift */,
			);
			path = Views;
			sourceTree = "<group>";
		};
		0FC4B01328FDC9EB002B4E51 /* Models */ = {
			isa = PBXGroup;
			children = (
				0FC4B01428FDCA1C002B4E51 /* TwitterUser.swift */,
			);
			path = Models;
			sourceTree = "<group>";
		};
		0FFB049B28F4513A004C8713 /* OnBoarding */ = {
			isa = PBXGroup;
			children = (
				0FFB049C28F4515A004C8713 /* OnboardingViewController.swift */,
				0FFB049E28F458CB004C8713 /* RegisterViewController.swift */,
				0FC4B01128FDC148002B4E51 /* LoginViewController.swift */,
			);
			path = OnBoarding;
			sourceTree = "<group>";
		};
		0FFB04A228F464A2004C8713 /* ViewModels */ = {
			isa = PBXGroup;
			children = (
				0FFB04A328F464B4004C8713 /* AuthenticationViewViewModel.swift */,
				0FC4B01828FDCFFA002B4E51 /* HomeViewViewModel.swift */,
				0FC4B01C28FDD4A7002B4E51 /* ProfileDataFormViewViewModel.swift */,
			);
			path = ViewModels;
			sourceTree = "<group>";
		};
		0FFB04A528F46C6C004C8713 /* Networking */ = {
			isa = PBXGroup;
			children = (
				0FFB04A728F46C81004C8713 /* AuthManager.swift */,
				0FC4B01628FDCAC3002B4E51 /* DatabaseManager.swift */,
			);
			path = Networking;
			sourceTree = "<group>";
		};
/* End PBXGroup section */

/* Begin PBXNativeTarget section */
		0F5E7CA7287F06570007C1D6 /* TwitterClone */ = {
			isa = PBXNativeTarget;
			buildConfigurationList = 0F5E7CBC287F06580007C1D6 /* Build configuration list for PBXNativeTarget "TwitterClone" */;
			buildPhases = (
				0F5E7CA4287F06570007C1D6 /* Sources */,
				0F5E7CA5287F06570007C1D6 /* Frameworks */,
				0F5E7CA6287F06570007C1D6 /* Resources */,
			);
			buildRules = (
			);
			dependencies = (
			);
			name = TwitterClone;
			packageProductDependencies = (
				0FFB048928F45000004C8713 /* FirebaseAuth */,
				0FFB048B28F45000004C8713 /* FirebaseAuthCombine-Community */,
				0FFB048D28F45000004C8713 /* FirebaseDatabase */,
				0FFB048F28F45000004C8713 /* FirebaseDatabaseSwift */,
				0FFB049128F45000004C8713 /* FirebaseFirestore */,
				0FFB049328F45000004C8713 /* FirebaseFirestoreCombine-Community */,
				0FFB049528F45000004C8713 /* FirebaseFirestoreSwift */,
				0FFB049728F45000004C8713 /* FirebaseStorage */,
				0FFB049928F45000004C8713 /* FirebaseStorageCombine-Community */,
			);
			productName = TwitterClone;
			productReference = 0F5E7CA8287F06570007C1D6 /* TwitterClone.app */;
			productType = "com.apple.product-type.application";
		};
/* End PBXNativeTarget section */

/* Begin PBXProject section */
		0F5E7CA0287F06570007C1D6 /* Project object */ = {
			isa = PBXProject;
			attributes = {
				BuildIndependentTargetsInParallel = 1;
				LastSwiftUpdateCheck = 1340;
				LastUpgradeCheck = 1340;
				TargetAttributes = {
					0F5E7CA7287F06570007C1D6 = {
						CreatedOnToolsVersion = 13.4.1;
					};
				};
			};
			buildConfigurationList = 0F5E7CA3287F06570007C1D6 /* Build configuration list for PBXProject "TwitterClone" */;
			compatibilityVersion = "Xcode 13.0";
			developmentRegion = en;
			hasScannedForEncodings = 0;
			knownRegions = (
				en,
				Base,
			);
			mainGroup = 0F5E7C9F287F06570007C1D6;
			packageReferences = (
				0FFB048828F45000004C8713 /* XCRemoteSwiftPackageReference "firebase-ios-sdk" */,
			);
			productRefGroup = 0F5E7CA9287F06570007C1D6 /* Products */;
			projectDirPath = "";
			projectRoot = "";
			targets = (
				0F5E7CA7287F06570007C1D6 /* TwitterClone */,
			);
		};
/* End PBXProject section */

/* Begin PBXResourcesBuildPhase section */
		0F5E7CA6287F06570007C1D6 /* Resources */ = {
			isa = PBXResourcesBuildPhase;
			buildActionMask = 2147483647;
			files = (
				0F5E7CB8287F06580007C1D6 /* LaunchScreen.storyboard in Resources */,
				0F5E7CB5287F06580007C1D6 /* Assets.xcassets in Resources */,
				0FFB048728F44F4D004C8713 /* GoogleService-Info.plist in Resources */,
			);
			runOnlyForDeploymentPostprocessing = 0;
		};
/* End PBXResourcesBuildPhase section */

/* Begin PBXSourcesBuildPhase section */
		0F5E7CA4287F06570007C1D6 /* Sources */ = {
			isa = PBXSourcesBuildPhase;
			buildActionMask = 2147483647;
			files = (
				0F5E7CC4287F080C0007C1D6 /* SearchViewController.swift in Sources */,
				0FFB04A828F46C81004C8713 /* AuthManager.swift in Sources */,
				0F5E7CB0287F06570007C1D6 /* MainTabBarViewController.swift in Sources */,
				0FC4B01228FDC148002B4E51 /* LoginViewController.swift in Sources */,
				0FC4B01728FDCAC3002B4E51 /* DatabaseManager.swift in Sources */,
				0F5E7CC6287F081B0007C1D6 /* NavigationViewController.swift in Sources */,
				0FFB049F28F458CB004C8713 /* RegisterViewController.swift in Sources */,
				0F5E7CAC287F06570007C1D6 /* AppDelegate.swift in Sources */,
				0FFB04A428F464B4004C8713 /* AuthenticationViewViewModel.swift in Sources */,
				0F5E7CAE287F06570007C1D6 /* SceneDelegate.swift in Sources */,
				0F5E7CC2287F07F90007C1D6 /* HomeViewController.swift in Sources */,
				0FC4B01D28FDD4A7002B4E51 /* ProfileDataFormViewViewModel.swift in Sources */,
				0F4082B228807637002DE4B2 /* ProfileViewController.swift in Sources */,
				0F4082B428807C88002DE4B2 /* ProfileTableViewHeader.swift in Sources */,
				0F5E7CC8287F082B0007C1D6 /* DirectMessagesViewController.swift in Sources */,
				0FC4B01B28FDD3C1002B4E51 /* ProfileDataFormViewController.swift in Sources */,
				0FFB049D28F4515A004C8713 /* OnboardingViewController.swift in Sources */,
				0FC4B01528FDCA1C002B4E51 /* TwitterUser.swift in Sources */,
				0FC4B01928FDCFFA002B4E51 /* HomeViewViewModel.swift in Sources */,
				0F5E7CCB287F0DB30007C1D6 /* TweetTableViewCell.swift in Sources */,
			);
			runOnlyForDeploymentPostprocessing = 0;
		};
/* End PBXSourcesBuildPhase section */

/* Begin PBXVariantGroup section */
		0F5E7CB6287F06580007C1D6 /* LaunchScreen.storyboard */ = {
			isa = PBXVariantGroup;
			children = (
				0F5E7CB7287F06580007C1D6 /* Base */,
			);
			name = LaunchScreen.storyboard;
			sourceTree = "<group>";
		};
/* End PBXVariantGroup section */

/* Begin XCBuildConfiguration section */
		0F5E7CBA287F06580007C1D6 /* Debug */ = {
			isa = XCBuildConfiguration;
			buildSettings = {
				ALWAYS_SEARCH_USER_PATHS = NO;
				CLANG_ANALYZER_NONNULL = YES;
				CLANG_ANALYZER_NUMBER_OBJECT_CONVERSION = YES_AGGRESSIVE;
				CLANG_CXX_LANGUAGE_STANDARD = "gnu++17";
				CLANG_ENABLE_MODULES = YES;
				CLANG_ENABLE_OBJC_ARC = YES;
				CLANG_ENABLE_OBJC_WEAK = YES;
				CLANG_WARN_BLOCK_CAPTURE_AUTORELEASING = YES;
				CLANG_WARN_BOOL_CONVERSION = YES;
				CLANG_WARN_COMMA = YES;
				CLANG_WARN_CONSTANT_CONVERSION = YES;
				CLANG_WARN_DEPRECATED_OBJC_IMPLEMENTATIONS = YES;
				CLANG_WARN_DIRECT_OBJC_ISA_USAGE = YES_ERROR;
				CLANG_WARN_DOCUMENTATION_COMMENTS = YES;
				CLANG_WARN_EMPTY_BODY = YES;
				CLANG_WARN_ENUM_CONVERSION = YES;
				CLANG_WARN_INFINITE_RECURSION = YES;
				CLANG_WARN_INT_CONVERSION = YES;
				CLANG_WARN_NON_LITERAL_NULL_CONVERSION = YES;
				CLANG_WARN_OBJC_IMPLICIT_RETAIN_SELF = YES;
				CLANG_WARN_OBJC_LITERAL_CONVERSION = YES;
				CLANG_WARN_OBJC_ROOT_CLASS = YES_ERROR;
				CLANG_WARN_QUOTED_INCLUDE_IN_FRAMEWORK_HEADER = YES;
				CLANG_WARN_RANGE_LOOP_ANALYSIS = YES;
				CLANG_WARN_STRICT_PROTOTYPES = YES;
				CLANG_WARN_SUSPICIOUS_MOVE = YES;
				CLANG_WARN_UNGUARDED_AVAILABILITY = YES_AGGRESSIVE;
				CLANG_WARN_UNREACHABLE_CODE = YES;
				CLANG_WARN__DUPLICATE_METHOD_MATCH = YES;
				COPY_PHASE_STRIP = NO;
				DEBUG_INFORMATION_FORMAT = dwarf;
				ENABLE_STRICT_OBJC_MSGSEND = YES;
				ENABLE_TESTABILITY = YES;
				GCC_C_LANGUAGE_STANDARD = gnu11;
				GCC_DYNAMIC_NO_PIC = NO;
				GCC_NO_COMMON_BLOCKS = YES;
				GCC_OPTIMIZATION_LEVEL = 0;
				GCC_PREPROCESSOR_DEFINITIONS = (
					"DEBUG=1",
					"$(inherited)",
				);
				GCC_WARN_64_TO_32_BIT_CONVERSION = YES;
				GCC_WARN_ABOUT_RETURN_TYPE = YES_ERROR;
				GCC_WARN_UNDECLARED_SELECTOR = YES;
				GCC_WARN_UNINITIALIZED_AUTOS = YES_AGGRESSIVE;
				GCC_WARN_UNUSED_FUNCTION = YES;
				GCC_WARN_UNUSED_VARIABLE = YES;
				IPHONEOS_DEPLOYMENT_TARGET = 15.5;
				MTL_ENABLE_DEBUG_INFO = INCLUDE_SOURCE;
				MTL_FAST_MATH = YES;
				ONLY_ACTIVE_ARCH = YES;
				SDKROOT = iphoneos;
				SWIFT_ACTIVE_COMPILATION_CONDITIONS = DEBUG;
				SWIFT_OPTIMIZATION_LEVEL = "-Onone";
			};
			name = Debug;
		};
		0F5E7CBB287F06580007C1D6 /* Release */ = {
			isa = XCBuildConfiguration;
			buildSettings = {
				ALWAYS_SEARCH_USER_PATHS = NO;
				CLANG_ANALYZER_NONNULL = YES;
				CLANG_ANALYZER_NUMBER_OBJECT_CONVERSION = YES_AGGRESSIVE;
				CLANG_CXX_LANGUAGE_STANDARD = "gnu++17";
				CLANG_ENABLE_MODULES = YES;
				CLANG_ENABLE_OBJC_ARC = YES;
				CLANG_ENABLE_OBJC_WEAK = YES;
				CLANG_WARN_BLOCK_CAPTURE_AUTORELEASING = YES;
				CLANG_WARN_BOOL_CONVERSION = YES;
				CLANG_WARN_COMMA = YES;
				CLANG_WARN_CONSTANT_CONVERSION = YES;
				CLANG_WARN_DEPRECATED_OBJC_IMPLEMENTATIONS = YES;
				CLANG_WARN_DIRECT_OBJC_ISA_USAGE = YES_ERROR;
				CLANG_WARN_DOCUMENTATION_COMMENTS = YES;
				CLANG_WARN_EMPTY_BODY = YES;
				CLANG_WARN_ENUM_CONVERSION = YES;
				CLANG_WARN_INFINITE_RECURSION = YES;
				CLANG_WARN_INT_CONVERSION = YES;
				CLANG_WARN_NON_LITERAL_NULL_CONVERSION = YES;
				CLANG_WARN_OBJC_IMPLICIT_RETAIN_SELF = YES;
				CLANG_WARN_OBJC_LITERAL_CONVERSION = YES;
				CLANG_WARN_OBJC_ROOT_CLASS = YES_ERROR;
				CLANG_WARN_QUOTED_INCLUDE_IN_FRAMEWORK_HEADER = YES;
				CLANG_WARN_RANGE_LOOP_ANALYSIS = YES;
				CLANG_WARN_STRICT_PROTOTYPES = YES;
				CLANG_WARN_SUSPICIOUS_MOVE = YES;
				CLANG_WARN_UNGUARDED_AVAILABILITY = YES_AGGRESSIVE;
				CLANG_WARN_UNREACHABLE_CODE = YES;
				CLANG_WARN__DUPLICATE_METHOD_MATCH = YES;
				COPY_PHASE_STRIP = NO;
				DEBUG_INFORMATION_FORMAT = "dwarf-with-dsym";
				ENABLE_NS_ASSERTIONS = NO;
				ENABLE_STRICT_OBJC_MSGSEND = YES;
				GCC_C_LANGUAGE_STANDARD = gnu11;
				GCC_NO_COMMON_BLOCKS = YES;
				GCC_WARN_64_TO_32_BIT_CONVERSION = YES;
				GCC_WARN_ABOUT_RETURN_TYPE = YES_ERROR;
				GCC_WARN_UNDECLARED_SELECTOR = YES;
				GCC_WARN_UNINITIALIZED_AUTOS = YES_AGGRESSIVE;
				GCC_WARN_UNUSED_FUNCTION = YES;
				GCC_WARN_UNUSED_VARIABLE = YES;
				IPHONEOS_DEPLOYMENT_TARGET = 15.5;
				MTL_ENABLE_DEBUG_INFO = NO;
				MTL_FAST_MATH = YES;
				SDKROOT = iphoneos;
				SWIFT_COMPILATION_MODE = wholemodule;
				SWIFT_OPTIMIZATION_LEVEL = "-O";
				VALIDATE_PRODUCT = YES;
			};
			name = Release;
		};
		0F5E7CBD287F06580007C1D6 /* Debug */ = {
			isa = XCBuildConfiguration;
			buildSettings = {
				ASSETCATALOG_COMPILER_APPICON_NAME = AppIcon;
				ASSETCATALOG_COMPILER_GLOBAL_ACCENT_COLOR_NAME = AccentColor;
				CODE_SIGN_STYLE = Automatic;
				CURRENT_PROJECT_VERSION = 1;
				DEVELOPMENT_TEAM = WX6Q94XHF5;
				GENERATE_INFOPLIST_FILE = YES;
				INFOPLIST_FILE = TwitterClone/Info.plist;
				INFOPLIST_KEY_UIApplicationSupportsIndirectInputEvents = YES;
				INFOPLIST_KEY_UILaunchStoryboardName = LaunchScreen;
				INFOPLIST_KEY_UISupportedInterfaceOrientations_iPad = "UIInterfaceOrientationPortrait UIInterfaceOrientationPortraitUpsideDown UIInterfaceOrientationLandscapeLeft UIInterfaceOrientationLandscapeRight";
				INFOPLIST_KEY_UISupportedInterfaceOrientations_iPhone = "UIInterfaceOrientationPortrait UIInterfaceOrientationLandscapeLeft UIInterfaceOrientationLandscapeRight";
				LD_RUNPATH_SEARCH_PATHS = (
					"$(inherited)",
					"@executable_path/Frameworks",
				);
				MARKETING_VERSION = 1.0;
				PRODUCT_BUNDLE_IDENTIFIER = com.jeancesca.TwitterClone;
				PRODUCT_NAME = "$(TARGET_NAME)";
				SWIFT_EMIT_LOC_STRINGS = YES;
				SWIFT_VERSION = 5.0;
				TARGETED_DEVICE_FAMILY = "1,2";
			};
			name = Debug;
		};
		0F5E7CBE287F06580007C1D6 /* Release */ = {
			isa = XCBuildConfiguration;
			buildSettings = {
				ASSETCATALOG_COMPILER_APPICON_NAME = AppIcon;
				ASSETCATALOG_COMPILER_GLOBAL_ACCENT_COLOR_NAME = AccentColor;
				CODE_SIGN_STYLE = Automatic;
				CURRENT_PROJECT_VERSION = 1;
				DEVELOPMENT_TEAM = WX6Q94XHF5;
				GENERATE_INFOPLIST_FILE = YES;
				INFOPLIST_FILE = TwitterClone/Info.plist;
				INFOPLIST_KEY_UIApplicationSupportsIndirectInputEvents = YES;
				INFOPLIST_KEY_UILaunchStoryboardName = LaunchScreen;
				INFOPLIST_KEY_UISupportedInterfaceOrientations_iPad = "UIInterfaceOrientationPortrait UIInterfaceOrientationPortraitUpsideDown UIInterfaceOrientationLandscapeLeft UIInterfaceOrientationLandscapeRight";
				INFOPLIST_KEY_UISupportedInterfaceOrientations_iPhone = "UIInterfaceOrientationPortrait UIInterfaceOrientationLandscapeLeft UIInterfaceOrientationLandscapeRight";
				LD_RUNPATH_SEARCH_PATHS = (
					"$(inherited)",
					"@executable_path/Frameworks",
				);
				MARKETING_VERSION = 1.0;
				PRODUCT_BUNDLE_IDENTIFIER = com.jeancesca.TwitterClone;
				PRODUCT_NAME = "$(TARGET_NAME)";
				SWIFT_EMIT_LOC_STRINGS = YES;
				SWIFT_VERSION = 5.0;
				TARGETED_DEVICE_FAMILY = "1,2";
			};
			name = Release;
		};
/* End XCBuildConfiguration section */

/* Begin XCConfigurationList section */
		0F5E7CA3287F06570007C1D6 /* Build configuration list for PBXProject "TwitterClone" */ = {
			isa = XCConfigurationList;
			buildConfigurations = (
				0F5E7CBA287F06580007C1D6 /* Debug */,
				0F5E7CBB287F06580007C1D6 /* Release */,
			);
			defaultConfigurationIsVisible = 0;
			defaultConfigurationName = Release;
		};
		0F5E7CBC287F06580007C1D6 /* Build configuration list for PBXNativeTarget "TwitterClone" */ = {
			isa = XCConfigurationList;
			buildConfigurations = (
				0F5E7CBD287F06580007C1D6 /* Debug */,
				0F5E7CBE287F06580007C1D6 /* Release */,
			);
			defaultConfigurationIsVisible = 0;
			defaultConfigurationName = Release;
		};
/* End XCConfigurationList section */

/* Begin XCRemoteSwiftPackageReference section */
		0FFB048828F45000004C8713 /* XCRemoteSwiftPackageReference "firebase-ios-sdk" */ = {
			isa = XCRemoteSwiftPackageReference;
			repositoryURL = "https://github.com/firebase/firebase-ios-sdk";
			requirement = {
				kind = upToNextMinorVersion;
				minimumVersion = 9.6.0;
			};
		};
/* End XCRemoteSwiftPackageReference section */

/* Begin XCSwiftPackageProductDependency section */
		0FFB048928F45000004C8713 /* FirebaseAuth */ = {
			isa = XCSwiftPackageProductDependency;
			package = 0FFB048828F45000004C8713 /* XCRemoteSwiftPackageReference "firebase-ios-sdk" */;
			productName = FirebaseAuth;
		};
		0FFB048B28F45000004C8713 /* FirebaseAuthCombine-Community */ = {
			isa = XCSwiftPackageProductDependency;
			package = 0FFB048828F45000004C8713 /* XCRemoteSwiftPackageReference "firebase-ios-sdk" */;
			productName = "FirebaseAuthCombine-Community";
		};
		0FFB048D28F45000004C8713 /* FirebaseDatabase */ = {
			isa = XCSwiftPackageProductDependency;
			package = 0FFB048828F45000004C8713 /* XCRemoteSwiftPackageReference "firebase-ios-sdk" */;
			productName = FirebaseDatabase;
		};
		0FFB048F28F45000004C8713 /* FirebaseDatabaseSwift */ = {
			isa = XCSwiftPackageProductDependency;
			package = 0FFB048828F45000004C8713 /* XCRemoteSwiftPackageReference "firebase-ios-sdk" */;
			productName = FirebaseDatabaseSwift;
		};
		0FFB049128F45000004C8713 /* FirebaseFirestore */ = {
			isa = XCSwiftPackageProductDependency;
			package = 0FFB048828F45000004C8713 /* XCRemoteSwiftPackageReference "firebase-ios-sdk" */;
			productName = FirebaseFirestore;
		};
		0FFB049328F45000004C8713 /* FirebaseFirestoreCombine-Community */ = {
			isa = XCSwiftPackageProductDependency;
			package = 0FFB048828F45000004C8713 /* XCRemoteSwiftPackageReference "firebase-ios-sdk" */;
			productName = "FirebaseFirestoreCombine-Community";
		};
		0FFB049528F45000004C8713 /* FirebaseFirestoreSwift */ = {
			isa = XCSwiftPackageProductDependency;
			package = 0FFB048828F45000004C8713 /* XCRemoteSwiftPackageReference "firebase-ios-sdk" */;
			productName = FirebaseFirestoreSwift;
		};
		0FFB049728F45000004C8713 /* FirebaseStorage */ = {
			isa = XCSwiftPackageProductDependency;
			package = 0FFB048828F45000004C8713 /* XCRemoteSwiftPackageReference "firebase-ios-sdk" */;
			productName = FirebaseStorage;
		};
		0FFB049928F45000004C8713 /* FirebaseStorageCombine-Community */ = {
			isa = XCSwiftPackageProductDependency;
			package = 0FFB048828F45000004C8713 /* XCRemoteSwiftPackageReference "firebase-ios-sdk" */;
			productName = "FirebaseStorageCombine-Community";
		};
/* End XCSwiftPackageProductDependency section */
	};
	rootObject = 0F5E7CA0287F06570007C1D6 /* Project object */;
}
